
Microsoft Visual Studio Solution File, Format Version 12.00
# Visual Studio Version 17
VisualStudioVersion = 17.3.32922.545
MinimumVisualStudioVersion = 10.0.40219.1
Project("{FAE04EC0-301F-11D3-BF4B-00C04F79EFBC}") = "SnakeAndLadderProgram", "SnakeAndLadderProgram.csproj", "{36EF7C18-AE03-43D2-A047-7E0699388ECE}"
EndProject
Global
	GlobalSection(SolutionConfigurationPlatforms) = preSolution
		Debug|Any CPU = Debug|Any CPU
		Release|Any CPU = Release|Any CPU
	EndGlobalSection
	GlobalSection(ProjectConfigurationPlatforms) = postSolution
		{36EF7C18-AE03-43D2-A047-7E0699388ECE}.Debug|Any CPU.ActiveCfg = Debug|Any CPU
		{36EF7C18-AE03-43D2-A047-7E0699388ECE}.Debug|Any CPU.Build.0 = Debug|Any CPU
		{36EF7C18-AE03-43D2-A047-7E0699388ECE}.Release|Any CPU.ActiveCfg = Release|Any CPU
		{36EF7C18-AE03-43D2-A047-7E0699388ECE}.Release|Any CPU.Build.0 = Release|Any CPU
	EndGlobalSection
	GlobalSection(SolutionProperties) = preSolution
		HideSolutionNode = FALSE
	EndGlobalSection
	GlobalSection(ExtensibilityGlobals) = postSolution
		SolutionGuid = {6071FA1C-9630-44D2-92CF-AFCA6EEBBA70}
	EndGlobalSection
EndGlobal
